// !$*UTF8*$!
{
	archiveVersion = 1;
	classes = {
	};
	objectVersion = 46;
	objects = {

/* Begin PBXBuildFile section */
		935574081C2E57C800FC1549 /* AppDelegate.swift in Sources */ = {isa = PBXBuildFile; fileRef = 935574071C2E57C800FC1549 /* AppDelegate.swift */; };
		9355740A1C2E57C800FC1549 /* ViewController.swift in Sources */ = {isa = PBXBuildFile; fileRef = 935574091C2E57C800FC1549 /* ViewController.swift */; };
		9355740D1C2E57C800FC1549 /* Main.storyboard in Resources */ = {isa = PBXBuildFile; fileRef = 9355740B1C2E57C800FC1549 /* Main.storyboard */; };
		9355740F1C2E57C800FC1549 /* Assets.xcassets in Resources */ = {isa = PBXBuildFile; fileRef = 9355740E1C2E57C800FC1549 /* Assets.xcassets */; };
		935574121C2E57C800FC1549 /* LaunchScreen.storyboard in Resources */ = {isa = PBXBuildFile; fileRef = 935574101C2E57C800FC1549 /* LaunchScreen.storyboard */; };
		9355741E1C2E5FC800FC1549 /* MEMELib.framework in Frameworks */ = {isa = PBXBuildFile; fileRef = 935574191C2E580000FC1549 /* MEMELib.framework */; };
		9355741F1C2E5FC800FC1549 /* MEMELib.framework in Embed Frameworks */ = {isa = PBXBuildFile; fileRef = 935574191C2E580000FC1549 /* MEMELib.framework */; settings = {ATTRIBUTES = (CodeSignOnCopy, RemoveHeadersOnCopy, ); }; };
		935574221C2E661100FC1549 /* Status.swift in Sources */ = {isa = PBXBuildFile; fileRef = 935574211C2E661100FC1549 /* Status.swift */; };
		935574281C2E6C6B00FC1549 /* 02_gender.png in Resources */ = {isa = PBXBuildFile; fileRef = 935574241C2E6C6B00FC1549 /* 02_gender.png */; };
		935574291C2E6C6B00FC1549 /* 01_top.png in Resources */ = {isa = PBXBuildFile; fileRef = 935574251C2E6C6B00FC1549 /* 01_top.png */; };
		9355742A1C2E6C6B00FC1549 /* 03_main.png in Resources */ = {isa = PBXBuildFile; fileRef = 935574261C2E6C6B00FC1549 /* 03_main.png */; };
		9355742B1C2E6C6B00FC1549 /* 04_movie.png in Resources */ = {isa = PBXBuildFile; fileRef = 935574271C2E6C6B00FC1549 /* 04_movie.png */; };
		9355742D1C2E6D1D00FC1549 /* SexViewController.swift in Sources */ = {isa = PBXBuildFile; fileRef = 9355742C1C2E6D1D00FC1549 /* SexViewController.swift */; };
		9355742F1C2E79F500FC1549 /* TitleViewController.swift in Sources */ = {isa = PBXBuildFile; fileRef = 9355742E1C2E79F500FC1549 /* TitleViewController.swift */; };
		935574321C2E7CC300FC1549 /* player.html in Resources */ = {isa = PBXBuildFile; fileRef = 935574311C2E7CC300FC1549 /* player.html */; };
/* End PBXBuildFile section */

/* Begin PBXCopyFilesBuildPhase section */
		935574201C2E5FC800FC1549 /* Embed Frameworks */ = {
			isa = PBXCopyFilesBuildPhase;
			buildActionMask = 2147483647;
			dstPath = "";
			dstSubfolderSpec = 10;
			files = (
				9355741F1C2E5FC800FC1549 /* MEMELib.framework in Embed Frameworks */,
			);
			name = "Embed Frameworks";
			runOnlyForDeploymentPostprocessing = 0;
		};
/* End PBXCopyFilesBuildPhase section */

/* Begin PBXFileReference section */
		935574041C2E57C800FC1549 /* BreakMaster.app */ = {isa = PBXFileReference; explicitFileType = wrapper.application; includeInIndex = 0; path = BreakMaster.app; sourceTree = BUILT_PRODUCTS_DIR; };
		935574071C2E57C800FC1549 /* AppDelegate.swift */ = {isa = PBXFileReference; lastKnownFileType = sourcecode.swift; path = AppDelegate.swift; sourceTree = "<group>"; };
		935574091C2E57C800FC1549 /* ViewController.swift */ = {isa = PBXFileReference; lastKnownFileType = sourcecode.swift; path = ViewController.swift; sourceTree = "<group>"; };
		9355740C1C2E57C800FC1549 /* Base */ = {isa = PBXFileReference; lastKnownFileType = file.storyboard; name = Base; path = Base.lproj/Main.storyboard; sourceTree = "<group>"; };
		9355740E1C2E57C800FC1549 /* Assets.xcassets */ = {isa = PBXFileReference; lastKnownFileType = folder.assetcatalog; path = Assets.xcassets; sourceTree = "<group>"; };
		935574111C2E57C800FC1549 /* Base */ = {isa = PBXFileReference; lastKnownFileType = file.storyboard; name = Base; path = Base.lproj/LaunchScreen.storyboard; sourceTree = "<group>"; };
		935574131C2E57C800FC1549 /* Info.plist */ = {isa = PBXFileReference; lastKnownFileType = text.plist.xml; path = Info.plist; sourceTree = "<group>"; };
		935574191C2E580000FC1549 /* MEMELib.framework */ = {isa = PBXFileReference; lastKnownFileType = wrapper.framework; path = MEMELib.framework; sourceTree = "<group>"; };
		9355741B1C2E587400FC1549 /* BreakMaster-Bridging-Header.h */ = {isa = PBXFileReference; lastKnownFileType = sourcecode.c.h; path = "BreakMaster-Bridging-Header.h"; sourceTree = "<group>"; };
		935574211C2E661100FC1549 /* Status.swift */ = {isa = PBXFileReference; fileEncoding = 4; lastKnownFileType = sourcecode.swift; path = Status.swift; sourceTree = "<group>"; };
		935574241C2E6C6B00FC1549 /* 02_gender.png */ = {isa = PBXFileReference; lastKnownFileType = image.png; path = 02_gender.png; sourceTree = "<group>"; };
		935574251C2E6C6B00FC1549 /* 01_top.png */ = {isa = PBXFileReference; lastKnownFileType = image.png; path = 01_top.png; sourceTree = "<group>"; };
		935574261C2E6C6B00FC1549 /* 03_main.png */ = {isa = PBXFileReference; lastKnownFileType = image.png; path = 03_main.png; sourceTree = "<group>"; };
		935574271C2E6C6B00FC1549 /* 04_movie.png */ = {isa = PBXFileReference; lastKnownFileType = image.png; path = 04_movie.png; sourceTree = "<group>"; };
		9355742C1C2E6D1D00FC1549 /* SexViewController.swift */ = {isa = PBXFileReference; fileEncoding = 4; lastKnownFileType = sourcecode.swift; path = SexViewController.swift; sourceTree = "<group>"; };
		9355742E1C2E79F500FC1549 /* TitleViewController.swift */ = {isa = PBXFileReference; fileEncoding = 4; lastKnownFileType = sourcecode.swift; path = TitleViewController.swift; sourceTree = "<group>"; };
		935574311C2E7CC300FC1549 /* player.html */ = {isa = PBXFileReference; fileEncoding = 4; lastKnownFileType = text.html; path = player.html; sourceTree = "<group>"; };
/* End PBXFileReference section */

/* Begin PBXFrameworksBuildPhase section */
		935574011C2E57C800FC1549 /* Frameworks */ = {
			isa = PBXFrameworksBuildPhase;
			buildActionMask = 2147483647;
			files = (
				9355741E1C2E5FC800FC1549 /* MEMELib.framework in Frameworks */,
			);
			runOnlyForDeploymentPostprocessing = 0;
		};
/* End PBXFrameworksBuildPhase section */

/* Begin PBXGroup section */
		935573FB1C2E57C800FC1549 = {
			isa = PBXGroup;
			children = (
				935574061C2E57C800FC1549 /* BreakMaster */,
				935574051C2E57C800FC1549 /* Products */,
			);
			sourceTree = "<group>";
		};
		935574051C2E57C800FC1549 /* Products */ = {
			isa = PBXGroup;
			children = (
				935574041C2E57C800FC1549 /* BreakMaster.app */,
			);
			name = Products;
			sourceTree = "<group>";
		};
		935574061C2E57C800FC1549 /* BreakMaster */ = {
			isa = PBXGroup;
			children = (
				935574301C2E7CA100FC1549 /* html */,
				935574231C2E6BD500FC1549 /* images */,
				935574071C2E57C800FC1549 /* AppDelegate.swift */,
				935574091C2E57C800FC1549 /* ViewController.swift */,
				9355740B1C2E57C800FC1549 /* Main.storyboard */,
				9355740E1C2E57C800FC1549 /* Assets.xcassets */,
				935574101C2E57C800FC1549 /* LaunchScreen.storyboard */,
				935574191C2E580000FC1549 /* MEMELib.framework */,
				935574131C2E57C800FC1549 /* Info.plist */,
				9355741B1C2E587400FC1549 /* BreakMaster-Bridging-Header.h */,
				935574211C2E661100FC1549 /* Status.swift */,
				9355742C1C2E6D1D00FC1549 /* SexViewController.swift */,
				9355742E1C2E79F500FC1549 /* TitleViewController.swift */,
			);
			path = BreakMaster;
			sourceTree = "<group>";
		};
		935574231C2E6BD500FC1549 /* images */ = {
			isa = PBXGroup;
			children = (
				935574241C2E6C6B00FC1549 /* 02_gender.png */,
				935574251C2E6C6B00FC1549 /* 01_top.png */,
				935574261C2E6C6B00FC1549 /* 03_main.png */,
				935574271C2E6C6B00FC1549 /* 04_movie.png */,
			);
			name = images;
			sourceTree = "<group>";
		};
		935574301C2E7CA100FC1549 /* html */ = {
			isa = PBXGroup;
			children = (
				935574311C2E7CC300FC1549 /* player.html */,
			);
			name = html;
			sourceTree = "<group>";
		};
/* End PBXGroup section */

/* Begin PBXNativeTarget section */
		935574031C2E57C800FC1549 /* BreakMaster */ = {
			isa = PBXNativeTarget;
			buildConfigurationList = 935574161C2E57C800FC1549 /* Build configuration list for PBXNativeTarget "BreakMaster" */;
			buildPhases = (
				935574001C2E57C800FC1549 /* Sources */,
				935574011C2E57C800FC1549 /* Frameworks */,
				935574021C2E57C800FC1549 /* Resources */,
				935574201C2E5FC800FC1549 /* Embed Frameworks */,
			);
			buildRules = (
			);
			dependencies = (
			);
			name = BreakMaster;
			productName = BreakMaster;
			productReference = 935574041C2E57C800FC1549 /* BreakMaster.app */;
			productType = "com.apple.product-type.application";
		};
/* End PBXNativeTarget section */

/* Begin PBXProject section */
		935573FC1C2E57C800FC1549 /* Project object */ = {
			isa = PBXProject;
			attributes = {
				LastSwiftUpdateCheck = 0720;
				LastUpgradeCheck = 0720;
				ORGANIZATIONNAME = "Masaaki Kakimoto";
				TargetAttributes = {
					935574031C2E57C800FC1549 = {
						CreatedOnToolsVersion = 7.2;
						SystemCapabilities = {
							com.apple.BackgroundModes = {
								enabled = 1;
							};
						};
					};
				};
			};
			buildConfigurationList = 935573FF1C2E57C800FC1549 /* Build configuration list for PBXProject "BreakMaster" */;
			compatibilityVersion = "Xcode 3.2";
			developmentRegion = English;
			hasScannedForEncodings = 0;
			knownRegions = (
				en,
				Base,
			);
			mainGroup = 935573FB1C2E57C800FC1549;
			productRefGroup = 935574051C2E57C800FC1549 /* Products */;
			projectDirPath = "";
			projectRoot = "";
			targets = (
				935574031C2E57C800FC1549 /* BreakMaster */,
			);
		};
/* End PBXProject section */

/* Begin PBXResourcesBuildPhase section */
		935574021C2E57C800FC1549 /* Resources */ = {
			isa = PBXResourcesBuildPhase;
			buildActionMask = 2147483647;
			files = (
				935574121C2E57C800FC1549 /* LaunchScreen.storyboard in Resources */,
				9355742A1C2E6C6B00FC1549 /* 03_main.png in Resources */,
				9355742B1C2E6C6B00FC1549 /* 04_movie.png in Resources */,
				935574321C2E7CC300FC1549 /* player.html in Resources */,
				9355740F1C2E57C800FC1549 /* Assets.xcassets in Resources */,
				935574281C2E6C6B00FC1549 /* 02_gender.png in Resources */,
				935574291C2E6C6B00FC1549 /* 01_top.png in Resources */,
				9355740D1C2E57C800FC1549 /* Main.storyboard in Resources */,
			);
			runOnlyForDeploymentPostprocessing = 0;
		};
/* End PBXResourcesBuildPhase section */

/* Begin PBXSourcesBuildPhase section */
		935574001C2E57C800FC1549 /* Sources */ = {
			isa = PBXSourcesBuildPhase;
			buildActionMask = 2147483647;
			files = (
				9355740A1C2E57C800FC1549 /* ViewController.swift in Sources */,
				9355742D1C2E6D1D00FC1549 /* SexViewController.swift in Sources */,
				935574081C2E57C800FC1549 /* AppDelegate.swift in Sources */,
				935574221C2E661100FC1549 /* Status.swift in Sources */,
				9355742F1C2E79F500FC1549 /* TitleViewController.swift in Sources */,
			);
			runOnlyForDeploymentPostprocessing = 0;
		};
/* End PBXSourcesBuildPhase section */

/* Begin PBXVariantGroup section */
		9355740B1C2E57C800FC1549 /* Main.storyboard */ = {
			isa = PBXVariantGroup;
			children = (
				9355740C1C2E57C800FC1549 /* Base */,
			);
			name = Main.storyboard;
			sourceTree = "<group>";
		};
		935574101C2E57C800FC1549 /* LaunchScreen.storyboard */ = {
			isa = PBXVariantGroup;
			children = (
				935574111C2E57C800FC1549 /* Base */,
			);
			name = LaunchScreen.storyboard;
			sourceTree = "<group>";
		};
/* End PBXVariantGroup section */

/* Begin XCBuildConfiguration section */
		935574141C2E57C800FC1549 /* Debug */ = {
			isa = XCBuildConfiguration;
			buildSettings = {
				ALWAYS_SEARCH_USER_PATHS = NO;
				CLANG_CXX_LANGUAGE_STANDARD = "gnu++0x";
				CLANG_CXX_LIBRARY = "libc++";
				CLANG_ENABLE_MODULES = YES;
				CLANG_ENABLE_OBJC_ARC = YES;
				CLANG_WARN_BOOL_CONVERSION = YES;
				CLANG_WARN_CONSTANT_CONVERSION = YES;
				CLANG_WARN_DIRECT_OBJC_ISA_USAGE = YES_ERROR;
				CLANG_WARN_EMPTY_BODY = YES;
				CLANG_WARN_ENUM_CONVERSION = YES;
				CLANG_WARN_INT_CONVERSION = YES;
				CLANG_WARN_OBJC_ROOT_CLASS = YES_ERROR;
				CLANG_WARN_UNREACHABLE_CODE = YES;
				CLANG_WARN__DUPLICATE_METHOD_MATCH = YES;
				"CODE_SIGN_IDENTITY[sdk=iphoneos*]" = "iPhone Developer";
				COPY_PHASE_STRIP = NO;
				DEBUG_INFORMATION_FORMAT = dwarf;
				ENABLE_STRICT_OBJC_MSGSEND = YES;
				ENABLE_TESTABILITY = YES;
				GCC_C_LANGUAGE_STANDARD = gnu99;
				GCC_DYNAMIC_NO_PIC = NO;
				GCC_NO_COMMON_BLOCKS = YES;
				GCC_OPTIMIZATION_LEVEL = 0;
				GCC_PREPROCESSOR_DEFINITIONS = (
					"DEBUG=1",
					"$(inherited)",
				);
				GCC_WARN_64_TO_32_BIT_CONVERSION = YES;
				GCC_WARN_ABOUT_RETURN_TYPE = YES_ERROR;
				GCC_WARN_UNDECLARED_SELECTOR = YES;
				GCC_WARN_UNINITIALIZED_AUTOS = YES_AGGRESSIVE;
				GCC_WARN_UNUSED_FUNCTION = YES;
				GCC_WARN_UNUSED_VARIABLE = YES;
				IPHONEOS_DEPLOYMENT_TARGET = 9.2;
				MTL_ENABLE_DEBUG_INFO = YES;
				ONLY_ACTIVE_ARCH = YES;
				SDKROOT = iphoneos;
				SWIFT_OPTIMIZATION_LEVEL = "-Onone";
			};
			name = Debug;
		};
		935574151C2E57C800FC1549 /* Release */ = {
			isa = XCBuildConfiguration;
			buildSettings = {
				ALWAYS_SEARCH_USER_PATHS = NO;
				CLANG_CXX_LANGUAGE_STANDARD = "gnu++0x";
				CLANG_CXX_LIBRARY = "libc++";
				CLANG_ENABLE_MODULES = YES;
				CLANG_ENABLE_OBJC_ARC = YES;
				CLANG_WARN_BOOL_CONVERSION = YES;
				CLANG_WARN_CONSTANT_CONVERSION = YES;
				CLANG_WARN_DIRECT_OBJC_ISA_USAGE = YES_ERROR;
				CLANG_WARN_EMPTY_BODY = YES;
				CLANG_WARN_ENUM_CONVERSION = YES;
				CLANG_WARN_INT_CONVERSION = YES;
				CLANG_WARN_OBJC_ROOT_CLASS = YES_ERROR;
				CLANG_WARN_UNREACHABLE_CODE = YES;
				CLANG_WARN__DUPLICATE_METHOD_MATCH = YES;
				"CODE_SIGN_IDENTITY[sdk=iphoneos*]" = "iPhone Developer";
				COPY_PHASE_STRIP = NO;
				DEBUG_INFORMATION_FORMAT = "dwarf-with-dsym";
				ENABLE_NS_ASSERTIONS = NO;
				ENABLE_STRICT_OBJC_MSGSEND = YES;
				GCC_C_LANGUAGE_STANDARD = gnu99;
				GCC_NO_COMMON_BLOCKS = YES;
				GCC_WARN_64_TO_32_BIT_CONVERSION = YES;
				GCC_WARN_ABOUT_RETURN_TYPE = YES_ERROR;
				GCC_WARN_UNDECLARED_SELECTOR = YES;
				GCC_WARN_UNINITIALIZED_AUTOS = YES_AGGRESSIVE;
				GCC_WARN_UNUSED_FUNCTION = YES;
				GCC_WARN_UNUSED_VARIABLE = YES;
				IPHONEOS_DEPLOYMENT_TARGET = 9.2;
				MTL_ENABLE_DEBUG_INFO = NO;
				SDKROOT = iphoneos;
				VALIDATE_PRODUCT = YES;
			};
			name = Release;
		};
		935574171C2E57C800FC1549 /* Debug */ = {
			isa = XCBuildConfiguration;
			buildSettings = {
				ASSETCATALOG_COMPILER_APPICON_NAME = AppIcon;
				CLANG_ENABLE_MODULES = YES;
				FRAMEWORK_SEARCH_PATHS = (
					"$(inherited)",
					"$(PROJECT_DIR)/BreakMaster",
				);
				INFOPLIST_FILE = BreakMaster/Info.plist;
				LD_RUNPATH_SEARCH_PATHS = "$(inherited) @executable_path/Frameworks";
				PRODUCT_BUNDLE_IDENTIFIER = com.karamage.BreakMaster;
				PRODUCT_NAME = "$(TARGET_NAME)";
				SWIFT_OBJC_BRIDGING_HEADER = "BreakMaster/BreakMaster-Bridging-Header.h";
				SWIFT_OPTIMIZATION_LEVEL = "-Onone";
			};
			name = Debug;
		};
		935574181C2E57C800FC1549 /* Release */ = {
			isa = XCBuildConfiguration;
			buildSettings = {
				ASSETCATALOG_COMPILER_APPICON_NAME = AppIcon;
				CLANG_ENABLE_MODULES = YES;
				FRAMEWORK_SEARCH_PATHS = (
					"$(inherited)",
					"$(PROJECT_DIR)/BreakMaster",
				);
				INFOPLIST_FILE = BreakMaster/Info.plist;
				LD_RUNPATH_SEARCH_PATHS = "$(inherited) @executable_path/Frameworks";
				PRODUCT_BUNDLE_IDENTIFIER = com.karamage.BreakMaster;
				PRODUCT_NAME = "$(TARGET_NAME)";
				SWIFT_OBJC_BRIDGING_HEADER = "BreakMaster/BreakMaster-Bridging-Header.h";
			};
			name = Release;
		};
/* End XCBuildConfiguration section */

/* Begin XCConfigurationList section */
		935573FF1C2E57C800FC1549 /* Build configuration list for PBXProject "BreakMaster" */ = {
			isa = XCConfigurationList;
			buildConfigurations = (
				935574141C2E57C800FC1549 /* Debug */,
				935574151C2E57C800FC1549 /* Release */,
			);
			defaultConfigurationIsVisible = 0;
			defaultConfigurationName = Release;
		};
		935574161C2E57C800FC1549 /* Build configuration list for PBXNativeTarget "BreakMaster" */ = {
			isa = XCConfigurationList;
			buildConfigurations = (
				935574171C2E57C800FC1549 /* Debug */,
				935574181C2E57C800FC1549 /* Release */,
			);
			defaultConfigurationIsVisible = 0;
		};
/* End XCConfigurationList section */
	};
	rootObject = 935573FC1C2E57C800FC1549 /* Project object */;
}
